
Microsoft Visual Studio Solution File, Format Version 12.00
# Visual Studio Version 16
VisualStudioVersion = 16.0.30413.136
MinimumVisualStudioVersion = 10.0.40219.1
Project("{FAE04EC0-301F-11D3-BF4B-00C04F79EFBC}") = "LabbOOP", "LabbOOP\LabbOOP.csproj", "{72A5A3ED-99D5-431D-82C6-285D3A5AA5F1}"
EndProject
Global
	GlobalSection(SolutionConfigurationPlatforms) = preSolution
		Debug|Any CPU = Debug|Any CPU
		Release|Any CPU = Release|Any CPU
	EndGlobalSection
	GlobalSection(ProjectConfigurationPlatforms) = postSolution
		{72A5A3ED-99D5-431D-82C6-285D3A5AA5F1}.Debug|Any CPU.ActiveCfg = Debug|Any CPU
		{72A5A3ED-99D5-431D-82C6-285D3A5AA5F1}.Debug|Any CPU.Build.0 = Debug|Any CPU
		{72A5A3ED-99D5-431D-82C6-285D3A5AA5F1}.Release|Any CPU.ActiveCfg = Release|Any CPU
		{72A5A3ED-99D5-431D-82C6-285D3A5AA5F1}.Release|Any CPU.Build.0 = Release|Any CPU
	EndGlobalSection
	GlobalSection(SolutionProperties) = preSolution
		HideSolutionNode = FALSE
	EndGlobalSection
	GlobalSection(ExtensibilityGlobals) = postSolution
		SolutionGuid = {EE91B8E4-4977-4A55-9536-E53B086C2C84}
	EndGlobalSection
EndGlobal
