
Microsoft Visual Studio Solution File, Format Version 12.00
# Visual Studio Version 16
VisualStudioVersion = 16.0.30413.136
MinimumVisualStudioVersion = 10.0.40219.1
Project("{FAE04EC0-301F-11D3-BF4B-00C04F79EFBC}") = "MetoderLäxa", "MetoderLäxa\MetoderLäxa.csproj", "{98F796FB-A6E7-4513-BAC4-8C9D93A446C0}"
EndProject
Global
	GlobalSection(SolutionConfigurationPlatforms) = preSolution
		Debug|Any CPU = Debug|Any CPU
		Release|Any CPU = Release|Any CPU
	EndGlobalSection
	GlobalSection(ProjectConfigurationPlatforms) = postSolution
		{98F796FB-A6E7-4513-BAC4-8C9D93A446C0}.Debug|Any CPU.ActiveCfg = Debug|Any CPU
		{98F796FB-A6E7-4513-BAC4-8C9D93A446C0}.Debug|Any CPU.Build.0 = Debug|Any CPU
		{98F796FB-A6E7-4513-BAC4-8C9D93A446C0}.Release|Any CPU.ActiveCfg = Release|Any CPU
		{98F796FB-A6E7-4513-BAC4-8C9D93A446C0}.Release|Any CPU.Build.0 = Release|Any CPU
	EndGlobalSection
	GlobalSection(SolutionProperties) = preSolution
		HideSolutionNode = FALSE
	EndGlobalSection
	GlobalSection(ExtensibilityGlobals) = postSolution
		SolutionGuid = {B6A472DC-6F35-47DD-83F3-ED4F8CB23527}
	EndGlobalSection
EndGlobal
